
Microsoft Visual Studio Solution File, Format Version 12.00
# Visual Studio Version 17
VisualStudioVersion = 17.11.35219.272
MinimumVisualStudioVersion = 10.0.40219.1
Project("{FAE04EC0-301F-11D3-BF4B-00C04F79EFBC}") = "ChatApp", "ChatApp\ChatApp.csproj", "{77711616-7042-40B9-AF69-F0E77B8D67A3}"
EndProject
Project("{FAE04EC0-301F-11D3-BF4B-00C04F79EFBC}") = "ChatServer", "ChatServer\ChatServer.csproj", "{ED8E87AA-9182-48D5-834D-DD8E59E11E4B}"
EndProject
Project("{FAE04EC0-301F-11D3-BF4B-00C04F79EFBC}") = "ChatApp.Core", "ChatApp.Core\ChatApp.Core.csproj", "{C5465CD0-5FE5-4368-9AAE-FEBB06A5A1E4}"
EndProject
Global
	GlobalSection(SolutionConfigurationPlatforms) = preSolution
		Debug|Any CPU = Debug|Any CPU
		Release|Any CPU = Release|Any CPU
	EndGlobalSection
	GlobalSection(ProjectConfigurationPlatforms) = postSolution
		{77711616-7042-40B9-AF69-F0E77B8D67A3}.Debug|Any CPU.ActiveCfg = Debug|Any CPU
		{77711616-7042-40B9-AF69-F0E77B8D67A3}.Debug|Any CPU.Build.0 = Debug|Any CPU
		{77711616-7042-40B9-AF69-F0E77B8D67A3}.Release|Any CPU.ActiveCfg = Release|Any CPU
		{77711616-7042-40B9-AF69-F0E77B8D67A3}.Release|Any CPU.Build.0 = Release|Any CPU
		{ED8E87AA-9182-48D5-834D-DD8E59E11E4B}.Debug|Any CPU.ActiveCfg = Debug|Any CPU
		{ED8E87AA-9182-48D5-834D-DD8E59E11E4B}.Debug|Any CPU.Build.0 = Debug|Any CPU
		{ED8E87AA-9182-48D5-834D-DD8E59E11E4B}.Release|Any CPU.ActiveCfg = Release|Any CPU
		{ED8E87AA-9182-48D5-834D-DD8E59E11E4B}.Release|Any CPU.Build.0 = Release|Any CPU
		{C5465CD0-5FE5-4368-9AAE-FEBB06A5A1E4}.Debug|Any CPU.ActiveCfg = Debug|Any CPU
		{C5465CD0-5FE5-4368-9AAE-FEBB06A5A1E4}.Debug|Any CPU.Build.0 = Debug|Any CPU
		{C5465CD0-5FE5-4368-9AAE-FEBB06A5A1E4}.Release|Any CPU.ActiveCfg = Release|Any CPU
		{C5465CD0-5FE5-4368-9AAE-FEBB06A5A1E4}.Release|Any CPU.Build.0 = Release|Any CPU
	EndGlobalSection
	GlobalSection(SolutionProperties) = preSolution
		HideSolutionNode = FALSE
	EndGlobalSection
	GlobalSection(ExtensibilityGlobals) = postSolution
		SolutionGuid = {33E781EF-6846-4391-BE8B-B9867FB609B0}
	EndGlobalSection
EndGlobal
